
Microsoft Visual Studio Solution File, Format Version 12.00
# Visual Studio Version 17
VisualStudioVersion = 17.5.002.0
MinimumVisualStudioVersion = 10.0.40219.1
Project("{9A19103F-16F7-4668-BE54-9A1E7A4F7556}") = "MyOssHours.Backend.Specs.Tests", "MyOssHours.Backend.Specs.Tests.csproj", "{FB445D17-6568-4C08-BCDA-51600DE44BE8}"
EndProject
Global
	GlobalSection(SolutionConfigurationPlatforms) = preSolution
		Debug|Any CPU = Debug|Any CPU
		Release|Any CPU = Release|Any CPU
	EndGlobalSection
	GlobalSection(ProjectConfigurationPlatforms) = postSolution
		{FB445D17-6568-4C08-BCDA-51600DE44BE8}.Debug|Any CPU.ActiveCfg = Debug|Any CPU
		{FB445D17-6568-4C08-BCDA-51600DE44BE8}.Debug|Any CPU.Build.0 = Debug|Any CPU
		{FB445D17-6568-4C08-BCDA-51600DE44BE8}.Release|Any CPU.ActiveCfg = Release|Any CPU
		{FB445D17-6568-4C08-BCDA-51600DE44BE8}.Release|Any CPU.Build.0 = Release|Any CPU
	EndGlobalSection
	GlobalSection(SolutionProperties) = preSolution
		HideSolutionNode = FALSE
	EndGlobalSection
	GlobalSection(ExtensibilityGlobals) = postSolution
		SolutionGuid = {9151B584-3922-41AB-9837-7E084906D96E}
	EndGlobalSection
EndGlobal
